{
  "name": "icons",
  "version": "1.0.0",
  "lockfileVersion": 1,
  "requires": true,
  "dependencies": {
    "@zkreations/icons": {
      "version": "1.0.2",
      "resolved": "https://registry.npmjs.org/@zkreations/icons/-/icons-1.0.2.tgz",
      "integrity": "sha512-ZycGF/U4m7nh+XW/8CiFIXXtiPVO//vwoN6Xdd6Y08pljslo/HZfDWg5KXAJ3AMOYvAFGXcwk2XYRy0dsNHNWw=="
    }
  }
}
