{
  "name": "icons",
  "version": "1.0.0",
  "lockfileVersion": 1,
  "requires": true,
  "dependencies": {
    "@zkreations/icons": {
      "version": "1.0.10",
      "resolved": "https://registry.npmjs.org/@zkreations/icons/-/icons-1.0.10.tgz",
      "integrity": "sha512-WwYwO7RbPkPlL+gbvS7QxJ7caa9A3IUVhNN/Qku+KyHa8BICRdjKuBx1/yIwhBtzkFKsikX7zbIMXLW7kLzmwQ=="
    }
  }
}
