{
  "name": "icons",
  "version": "1.0.0",
  "lockfileVersion": 1,
  "requires": true,
  "dependencies": {
    "@zkreations/icons": {
      "version": "1.0.4",
      "resolved": "https://registry.npmjs.org/@zkreations/icons/-/icons-1.0.4.tgz",
      "integrity": "sha512-4AHUY77TQREEaE3/Nn+9/u9l59VH8s8WSmdnGjG8CrGYc02xdir5H5RW60y4AW/mANmbuNyvnXcrmDaxt2hWiA=="
    }
  }
}
